
Microsoft Visual Studio Solution File, Format Version 12.00
# Visual Studio 15
VisualStudioVersion = 15.0.27703.2026
MinimumVisualStudioVersion = 10.0.40219.1
Project("{FAE04EC0-301F-11D3-BF4B-00C04F79EFBC}") = "Inheritance_Assignment", "Inheritance_Assignment\Inheritance_Assignment.csproj", "{08F0CDF4-4AFD-4EF9-A43A-4384FE7462BA}"
EndProject
Global
	GlobalSection(SolutionConfigurationPlatforms) = preSolution
		Debug|Any CPU = Debug|Any CPU
		Release|Any CPU = Release|Any CPU
	EndGlobalSection
	GlobalSection(ProjectConfigurationPlatforms) = postSolution
		{08F0CDF4-4AFD-4EF9-A43A-4384FE7462BA}.Debug|Any CPU.ActiveCfg = Debug|Any CPU
		{08F0CDF4-4AFD-4EF9-A43A-4384FE7462BA}.Debug|Any CPU.Build.0 = Debug|Any CPU
		{08F0CDF4-4AFD-4EF9-A43A-4384FE7462BA}.Release|Any CPU.ActiveCfg = Release|Any CPU
		{08F0CDF4-4AFD-4EF9-A43A-4384FE7462BA}.Release|Any CPU.Build.0 = Release|Any CPU
	EndGlobalSection
	GlobalSection(SolutionProperties) = preSolution
		HideSolutionNode = FALSE
	EndGlobalSection
	GlobalSection(ExtensibilityGlobals) = postSolution
		SolutionGuid = {4878E249-3C09-483E-9D45-8DED3C92A2B3}
	EndGlobalSection
EndGlobal
