
Microsoft Visual Studio Solution File, Format Version 12.00
# Visual Studio 15
VisualStudioVersion = 15.0.27703.2026
MinimumVisualStudioVersion = 10.0.40219.1
Project("{FAE04EC0-301F-11D3-BF4B-00C04F79EFBC}") = "TimerExample", "TimerExample\TimerExample.csproj", "{CBB67F38-0223-42B1-A42A-A3F141DD037A}"
EndProject
Global
	GlobalSection(SolutionConfigurationPlatforms) = preSolution
		Debug|Any CPU = Debug|Any CPU
		Release|Any CPU = Release|Any CPU
	EndGlobalSection
	GlobalSection(ProjectConfigurationPlatforms) = postSolution
		{CBB67F38-0223-42B1-A42A-A3F141DD037A}.Debug|Any CPU.ActiveCfg = Debug|Any CPU
		{CBB67F38-0223-42B1-A42A-A3F141DD037A}.Debug|Any CPU.Build.0 = Debug|Any CPU
		{CBB67F38-0223-42B1-A42A-A3F141DD037A}.Release|Any CPU.ActiveCfg = Release|Any CPU
		{CBB67F38-0223-42B1-A42A-A3F141DD037A}.Release|Any CPU.Build.0 = Release|Any CPU
	EndGlobalSection
	GlobalSection(SolutionProperties) = preSolution
		HideSolutionNode = FALSE
	EndGlobalSection
	GlobalSection(ExtensibilityGlobals) = postSolution
		SolutionGuid = {158BF869-338D-4467-A869-470ABAC0721C}
	EndGlobalSection
EndGlobal
